
Microsoft Visual Studio Solution File, Format Version 12.00
# Visual Studio Version 17
VisualStudioVersion = 17.0.31903.59
MinimumVisualStudioVersion = 10.0.40219.1
Project("{2150E333-8FDC-42A3-9474-1A3956D46DE8}") = "src", "src", "{8C4276D9-1887-4D00-AD08-9974372E7840}"
EndProject
Project("{9A19103F-16F7-4668-BE54-9A1E7A4F7556}") = "BeemaEdgeApi", "src\Web\BeemaEdgeApi.csproj", "{E834ACAA-74C8-47ED-86A6-78AD9F9B628E}"
EndProject
Project("{2150E333-8FDC-42A3-9474-1A3956D46DE8}") = "Tests", "Tests", "{9E0DA808-B65E-44FC-B9AF-E9AE97832299}"
EndProject
Project("{2150E333-8FDC-42A3-9474-1A3956D46DE8}") = "Web", "Web", "{E109A967-D320-441B-B89E-82DEF18B2438}"
EndProject
Project("{2150E333-8FDC-42A3-9474-1A3956D46DE8}") = "Business", "Business", "{DA0A4BDA-A2A1-41A5-905B-8394AFEE25E7}"
EndProject
Project("{2150E333-8FDC-42A3-9474-1A3956D46DE8}") = "Data", "Data", "{4069DF9E-1200-4437-96D2-7C518ECA5928}"
EndProject
Project("{2150E333-8FDC-42A3-9474-1A3956D46DE8}") = "Infrastructure", "Infrastructure", "{7376F909-B1A2-43A7-A2A1-5F8649E373D5}"
EndProject
Project("{2150E333-8FDC-42A3-9474-1A3956D46DE8}") = "Models", "Models", "{93A52440-6D16-4D25-8FC9-A4E689D40750}"
EndProject
Project("{2150E333-8FDC-42A3-9474-1A3956D46DE8}") = "Shared", "Shared", "{F9FE1771-206E-41FB-8CF6-D3A3E8FE343D}"
EndProject
Project("{9A19103F-16F7-4668-BE54-9A1E7A4F7556}") = "Business.Common", "src\Business\Business.Common\Business.Common.csproj", "{84D6D6BD-822A-4FB3-99CE-09588751F598}"
EndProject
Project("{9A19103F-16F7-4668-BE54-9A1E7A4F7556}") = "Data", "src\Data\Data\Data.csproj", "{9D3063B9-CFCC-478F-8D5A-E4F60D1D38DE}"
EndProject
Project("{9A19103F-16F7-4668-BE54-9A1E7A4F7556}") = "Infrastructure.Common", "src\Infrastructure\Infrastructure.Common\Infrastructure.Common.csproj", "{80752E64-E14A-4C8D-8826-61B83E92615A}"
EndProject
Project("{9A19103F-16F7-4668-BE54-9A1E7A4F7556}") = "Models", "src\Models\Models\Models.csproj", "{D6AC1D1C-2C01-4C1E-B335-423793F840A5}"
EndProject
Project("{9A19103F-16F7-4668-BE54-9A1E7A4F7556}") = "SharedKernel", "src\SharedKernel\SharedKernel\SharedKernel.csproj", "{016270B3-47E5-4589-BC65-4AD1CBDF68D5}"
EndProject
Project("{2150E333-8FDC-42A3-9474-1A3956D46DE8}") = "Solution Items", "Solution Items", "{AA642709-E6B0-4A3A-A871-53E5A74439B0}"
	ProjectSection(SolutionItems) = preProject
		.editorconfig = .editorconfig
	EndProjectSection
EndProject
Project("{E53339B2-1760-4266-BCC7-CA923CBCF16C}") = "docker-compose", "docker-compose.dcproj", "{823EC976-F121-44C4-8185-81FBD8CE94E1}"
EndProject
Project("{9A19103F-16F7-4668-BE54-9A1E7A4F7556}") = "BeemaEdgeApi.Tests", "src\Web.Tests\BeemaEdgeApi.Tests.csproj", "{4DD305C0-6E5C-4D88-B3D3-4E7CF53073B5}"
EndProject
Project("{9A19103F-16F7-4668-BE54-9A1E7A4F7556}") = "Business.BeemaEdgeApi", "src\Business\Business.CustomerPortalApi\Business.BeemaEdgeApi.csproj", "{74C02A47-5800-A49A-4799-A145E2A098F0}"
EndProject
Project("{9A19103F-16F7-4668-BE54-9A1E7A4F7556}") = "Infrastructure.CoreApi", "src\Infrastructure\Infrastructure.CoreApi\Infrastructure.CoreApi\Infrastructure.CoreApi.csproj", "{A760073B-AFB2-4450-9411-891C7B492C98}"
EndProject
Project("{FAE04EC0-301F-11D3-BF4B-00C04F79EFBC}") = "Business.AdminPortalApi", "src\Business\Business.AdminPortalApi\Business.AdminPortalApi\Business.AdminPortalApi.csproj", "{8C83877B-643C-4C46-A159-F9DA98D4D4D3}"
EndProject
Global
	GlobalSection(SolutionConfigurationPlatforms) = preSolution
		Debug|Any CPU = Debug|Any CPU
		Release|Any CPU = Release|Any CPU
	EndGlobalSection
	GlobalSection(ProjectConfigurationPlatforms) = postSolution
		{E834ACAA-74C8-47ED-86A6-78AD9F9B628E}.Debug|Any CPU.ActiveCfg = Debug|Any CPU
		{E834ACAA-74C8-47ED-86A6-78AD9F9B628E}.Debug|Any CPU.Build.0 = Debug|Any CPU
		{E834ACAA-74C8-47ED-86A6-78AD9F9B628E}.Release|Any CPU.ActiveCfg = Release|Any CPU
		{E834ACAA-74C8-47ED-86A6-78AD9F9B628E}.Release|Any CPU.Build.0 = Release|Any CPU
		{84D6D6BD-822A-4FB3-99CE-09588751F598}.Debug|Any CPU.ActiveCfg = Debug|Any CPU
		{84D6D6BD-822A-4FB3-99CE-09588751F598}.Debug|Any CPU.Build.0 = Debug|Any CPU
		{84D6D6BD-822A-4FB3-99CE-09588751F598}.Release|Any CPU.ActiveCfg = Release|Any CPU
		{84D6D6BD-822A-4FB3-99CE-09588751F598}.Release|Any CPU.Build.0 = Release|Any CPU
		{9D3063B9-CFCC-478F-8D5A-E4F60D1D38DE}.Debug|Any CPU.ActiveCfg = Debug|Any CPU
		{9D3063B9-CFCC-478F-8D5A-E4F60D1D38DE}.Debug|Any CPU.Build.0 = Debug|Any CPU
		{9D3063B9-CFCC-478F-8D5A-E4F60D1D38DE}.Release|Any CPU.ActiveCfg = Release|Any CPU
		{9D3063B9-CFCC-478F-8D5A-E4F60D1D38DE}.Release|Any CPU.Build.0 = Release|Any CPU
		{80752E64-E14A-4C8D-8826-61B83E92615A}.Debug|Any CPU.ActiveCfg = Debug|Any CPU
		{80752E64-E14A-4C8D-8826-61B83E92615A}.Debug|Any CPU.Build.0 = Debug|Any CPU
		{80752E64-E14A-4C8D-8826-61B83E92615A}.Release|Any CPU.ActiveCfg = Release|Any CPU
		{80752E64-E14A-4C8D-8826-61B83E92615A}.Release|Any CPU.Build.0 = Release|Any CPU
		{D6AC1D1C-2C01-4C1E-B335-423793F840A5}.Debug|Any CPU.ActiveCfg = Debug|Any CPU
		{D6AC1D1C-2C01-4C1E-B335-423793F840A5}.Debug|Any CPU.Build.0 = Debug|Any CPU
		{D6AC1D1C-2C01-4C1E-B335-423793F840A5}.Release|Any CPU.ActiveCfg = Release|Any CPU
		{D6AC1D1C-2C01-4C1E-B335-423793F840A5}.Release|Any CPU.Build.0 = Release|Any CPU
		{016270B3-47E5-4589-BC65-4AD1CBDF68D5}.Debug|Any CPU.ActiveCfg = Debug|Any CPU
		{016270B3-47E5-4589-BC65-4AD1CBDF68D5}.Debug|Any CPU.Build.0 = Debug|Any CPU
		{016270B3-47E5-4589-BC65-4AD1CBDF68D5}.Release|Any CPU.ActiveCfg = Release|Any CPU
		{016270B3-47E5-4589-BC65-4AD1CBDF68D5}.Release|Any CPU.Build.0 = Release|Any CPU
		{823EC976-F121-44C4-8185-81FBD8CE94E1}.Debug|Any CPU.ActiveCfg = Debug|Any CPU
		{823EC976-F121-44C4-8185-81FBD8CE94E1}.Debug|Any CPU.Build.0 = Debug|Any CPU
		{823EC976-F121-44C4-8185-81FBD8CE94E1}.Release|Any CPU.ActiveCfg = Release|Any CPU
		{823EC976-F121-44C4-8185-81FBD8CE94E1}.Release|Any CPU.Build.0 = Release|Any CPU
		{4DD305C0-6E5C-4D88-B3D3-4E7CF53073B5}.Debug|Any CPU.ActiveCfg = Debug|Any CPU
		{4DD305C0-6E5C-4D88-B3D3-4E7CF53073B5}.Debug|Any CPU.Build.0 = Debug|Any CPU
		{4DD305C0-6E5C-4D88-B3D3-4E7CF53073B5}.Release|Any CPU.ActiveCfg = Release|Any CPU
		{4DD305C0-6E5C-4D88-B3D3-4E7CF53073B5}.Release|Any CPU.Build.0 = Release|Any CPU
		{74C02A47-5800-A49A-4799-A145E2A098F0}.Debug|Any CPU.ActiveCfg = Debug|Any CPU
		{74C02A47-5800-A49A-4799-A145E2A098F0}.Debug|Any CPU.Build.0 = Debug|Any CPU
		{74C02A47-5800-A49A-4799-A145E2A098F0}.Release|Any CPU.ActiveCfg = Release|Any CPU
		{74C02A47-5800-A49A-4799-A145E2A098F0}.Release|Any CPU.Build.0 = Release|Any CPU
		{A760073B-AFB2-4450-9411-891C7B492C98}.Debug|Any CPU.ActiveCfg = Debug|Any CPU
		{A760073B-AFB2-4450-9411-891C7B492C98}.Debug|Any CPU.Build.0 = Debug|Any CPU
		{A760073B-AFB2-4450-9411-891C7B492C98}.Release|Any CPU.ActiveCfg = Release|Any CPU
		{A760073B-AFB2-4450-9411-891C7B492C98}.Release|Any CPU.Build.0 = Release|Any CPU
		{8C83877B-643C-4C46-A159-F9DA98D4D4D3}.Debug|Any CPU.ActiveCfg = Debug|Any CPU
		{8C83877B-643C-4C46-A159-F9DA98D4D4D3}.Debug|Any CPU.Build.0 = Debug|Any CPU
		{8C83877B-643C-4C46-A159-F9DA98D4D4D3}.Release|Any CPU.ActiveCfg = Release|Any CPU
		{8C83877B-643C-4C46-A159-F9DA98D4D4D3}.Release|Any CPU.Build.0 = Release|Any CPU
	EndGlobalSection
	GlobalSection(SolutionProperties) = preSolution
		HideSolutionNode = FALSE
	EndGlobalSection
	GlobalSection(NestedProjects) = preSolution
		{E834ACAA-74C8-47ED-86A6-78AD9F9B628E} = {E109A967-D320-441B-B89E-82DEF18B2438}
		{9E0DA808-B65E-44FC-B9AF-E9AE97832299} = {8C4276D9-1887-4D00-AD08-9974372E7840}
		{E109A967-D320-441B-B89E-82DEF18B2438} = {8C4276D9-1887-4D00-AD08-9974372E7840}
		{DA0A4BDA-A2A1-41A5-905B-8394AFEE25E7} = {8C4276D9-1887-4D00-AD08-9974372E7840}
		{4069DF9E-1200-4437-96D2-7C518ECA5928} = {8C4276D9-1887-4D00-AD08-9974372E7840}
		{7376F909-B1A2-43A7-A2A1-5F8649E373D5} = {8C4276D9-1887-4D00-AD08-9974372E7840}
		{93A52440-6D16-4D25-8FC9-A4E689D40750} = {8C4276D9-1887-4D00-AD08-9974372E7840}
		{F9FE1771-206E-41FB-8CF6-D3A3E8FE343D} = {8C4276D9-1887-4D00-AD08-9974372E7840}
		{84D6D6BD-822A-4FB3-99CE-09588751F598} = {DA0A4BDA-A2A1-41A5-905B-8394AFEE25E7}
		{9D3063B9-CFCC-478F-8D5A-E4F60D1D38DE} = {4069DF9E-1200-4437-96D2-7C518ECA5928}
		{80752E64-E14A-4C8D-8826-61B83E92615A} = {7376F909-B1A2-43A7-A2A1-5F8649E373D5}
		{D6AC1D1C-2C01-4C1E-B335-423793F840A5} = {93A52440-6D16-4D25-8FC9-A4E689D40750}
		{016270B3-47E5-4589-BC65-4AD1CBDF68D5} = {F9FE1771-206E-41FB-8CF6-D3A3E8FE343D}
		{4DD305C0-6E5C-4D88-B3D3-4E7CF53073B5} = {9E0DA808-B65E-44FC-B9AF-E9AE97832299}
		{74C02A47-5800-A49A-4799-A145E2A098F0} = {DA0A4BDA-A2A1-41A5-905B-8394AFEE25E7}
		{A760073B-AFB2-4450-9411-891C7B492C98} = {7376F909-B1A2-43A7-A2A1-5F8649E373D5}
		{8C83877B-643C-4C46-A159-F9DA98D4D4D3} = {DA0A4BDA-A2A1-41A5-905B-8394AFEE25E7}
	EndGlobalSection
	GlobalSection(ExtensibilityGlobals) = postSolution
		SolutionGuid = {AC0E8C9A-4CBD-47F6-BFB2-259DDCA39251}
	EndGlobalSection
EndGlobal
